{
  "version": 4,
  "terraform_version": "1.15.8",
  "serial": 8,
  "lineage": "a9f90a0a-d152-9dde-afa9-ad9dec8468f9",
  "outputs": {
    "network_name": {
      "value": "cloudguardian-net",
      "type": "string"
    },
    "service_urls": {
      "value": {
        "auth-service": "http://localhost:8001",
        "inventory-service": "http://localhost:8003",
        "payment-service": "http://localhost:8002"
      },
      "type": [
        "object",
        {
          "auth-service": "string",
          "inventory-service": "string",
          "payment-service": "string"
        }
      ]
    }
  },
  "resources": [
    {
      "mode": "managed",
      "type": "docker_network",
      "name": "cloudguardian",
      "provider": "provider[\"registry.terraform.io/kreuzwerker/docker\"]",
      "instances": [
        {
          "schema_version": 1,
          "attributes": {
            "attachable": false,
            "check_duplicate": null,
            "driver": "bridge",
            "id": "b60257dd2104f8af98d34b84b70b0b881d0ccbb1b6bb554acde8d6d35a5a4d05",
            "ingress": false,
            "internal": false,
            "ipam_config": [
              {
                "aux_address": {},
                "gateway": "172.18.0.1",
                "ip_range": "",
                "subnet": "172.18.0.0/16"
              }
            ],
            "ipam_driver": "default",
            "ipam_options": null,
            "ipv6": false,
            "labels": [],
            "name": "cloudguardian-net",
            "options": {
              "com.docker.network.enable_ipv4": "true",
              "com.docker.network.enable_ipv6": "false"
            },
            "scope": "local"
          },
          "sensitive_attributes": [],
          "identity_schema_version": 0,
          "private": "eyJzY2hlbWFfdmVyc2lvbiI6IjEifQ=="
        }
      ]
    }
  ],
  "check_results": null
}
